
Microsoft Visual Studio Solution File, Format Version 12.00
# Visual Studio 15
VisualStudioVersion = 15.0.26430.16
MinimumVisualStudioVersion = 10.0.40219.1
Project("{FAE04EC0-301F-11D3-BF4B-00C04F79EFBC}") = "Algorithms.Searching", "Algorithms.Searching\Algorithms.Searching.csproj", "{3BFED11A-8640-492C-B56D-310F03439961}"
EndProject
Project("{2150E333-8FDC-42A3-9474-1A3956D46DE8}") = "Tests", "Tests", "{F533111C-50CC-4863-8DA9-73F71F297FA2}"
EndProject
Project("{2150E333-8FDC-42A3-9474-1A3956D46DE8}") = "ConsoleApps", "ConsoleApps", "{7CAFB89B-2D93-4862-9FA8-D11C1AED5CEB}"
EndProject
Project("{2150E333-8FDC-42A3-9474-1A3956D46DE8}") = "Algorithms", "Algorithms", "{7B8D57A6-338A-4343-98EC-54288332C5E4}"
EndProject
Project("{FAE04EC0-301F-11D3-BF4B-00C04F79EFBC}") = "Algorithms.Searching.Tests", "Algorithms.Searching.Tests\Algorithms.Searching.Tests.csproj", "{67A76E25-5F22-47E0-87C0-37B8275C58FF}"
EndProject
Project("{FAE04EC0-301F-11D3-BF4B-00C04F79EFBC}") = "Algorithms.Sorting", "Algorithms.Sorting\Algorithms.Sorting.csproj", "{0FF54D8C-533B-474A-B9BD-1BE6F022DBD3}"
EndProject
Project("{FAE04EC0-301F-11D3-BF4B-00C04F79EFBC}") = "Algorithms.Sorting.Tests", "Algorithms.Sorting.Tests\Algorithms.Sorting.Tests.csproj", "{1749BC2F-8605-4019-9AA2-243CD122F1C3}"
EndProject
Project("{2150E333-8FDC-42A3-9474-1A3956D46DE8}") = "AccordingToBook", "AccordingToBook", "{7621E776-784A-4AB6-83F9-B6B49DD8DDE4}"
EndProject
Project("{FAE04EC0-301F-11D3-BF4B-00C04F79EFBC}") = "Algorithms.AccordingToBook.Chapter1", "Algorithms.AccordingToBook.Chapter1\Algorithms.AccordingToBook.Chapter1.csproj", "{AB77D58B-0415-4300-B8F0-2B4DC8B49456}"
EndProject
Project("{FAE04EC0-301F-11D3-BF4B-00C04F79EFBC}") = "Algorithms.AccordingToBook.Lib", "Algorithms.AccordingToBook.Lib\Algorithms.AccordingToBook.Lib.csproj", "{232486A5-A5E8-499C-A3FF-6361DC8F3A92}"
EndProject
Project("{FAE04EC0-301F-11D3-BF4B-00C04F79EFBC}") = "Algorithms.AccordingToBook.Chapter2", "Algorithms.AccordingToBook.Chapter2\Algorithms.AccordingToBook.Chapter2.csproj", "{47F037C9-5DC9-4BF6-9463-5A95A4AACE71}"
EndProject
Project("{FAE04EC0-301F-11D3-BF4B-00C04F79EFBC}") = "Algorithms.AccordingToBook.Chapter3", "Algorithms.AccordingToBook.Chapter3\Algorithms.AccordingToBook.Chapter3.csproj", "{477A536A-20E7-41E5-978D-A990902D71F9}"
EndProject
Project("{FAE04EC0-301F-11D3-BF4B-00C04F79EFBC}") = "Algorithms.AccordingToBook.Chapter4", "Algorithms.AccordingToBook.Chapter4\Algorithms.AccordingToBook.Chapter4.csproj", "{6C3C8B1F-3250-4BD9-9045-583966993ED7}"
EndProject
Project("{FAE04EC0-301F-11D3-BF4B-00C04F79EFBC}") = "Algorithms.AccordingToBook.Chapter5", "Algorithms.AccordingToBook.Chapter5\Algorithms.AccordingToBook.Chapter5.csproj", "{E7D5CFCC-D870-4B8E-AB37-592AE77C07F1}"
EndProject
Global
	GlobalSection(SolutionConfigurationPlatforms) = preSolution
		Debug|Any CPU = Debug|Any CPU
		Release|Any CPU = Release|Any CPU
	EndGlobalSection
	GlobalSection(ProjectConfigurationPlatforms) = postSolution
		{3BFED11A-8640-492C-B56D-310F03439961}.Debug|Any CPU.ActiveCfg = Debug|Any CPU
		{3BFED11A-8640-492C-B56D-310F03439961}.Debug|Any CPU.Build.0 = Debug|Any CPU
		{3BFED11A-8640-492C-B56D-310F03439961}.Release|Any CPU.ActiveCfg = Release|Any CPU
		{3BFED11A-8640-492C-B56D-310F03439961}.Release|Any CPU.Build.0 = Release|Any CPU
		{67A76E25-5F22-47E0-87C0-37B8275C58FF}.Debug|Any CPU.ActiveCfg = Debug|Any CPU
		{67A76E25-5F22-47E0-87C0-37B8275C58FF}.Debug|Any CPU.Build.0 = Debug|Any CPU
		{67A76E25-5F22-47E0-87C0-37B8275C58FF}.Release|Any CPU.ActiveCfg = Release|Any CPU
		{67A76E25-5F22-47E0-87C0-37B8275C58FF}.Release|Any CPU.Build.0 = Release|Any CPU
		{0FF54D8C-533B-474A-B9BD-1BE6F022DBD3}.Debug|Any CPU.ActiveCfg = Debug|Any CPU
		{0FF54D8C-533B-474A-B9BD-1BE6F022DBD3}.Debug|Any CPU.Build.0 = Debug|Any CPU
		{0FF54D8C-533B-474A-B9BD-1BE6F022DBD3}.Release|Any CPU.ActiveCfg = Release|Any CPU
		{0FF54D8C-533B-474A-B9BD-1BE6F022DBD3}.Release|Any CPU.Build.0 = Release|Any CPU
		{1749BC2F-8605-4019-9AA2-243CD122F1C3}.Debug|Any CPU.ActiveCfg = Debug|Any CPU
		{1749BC2F-8605-4019-9AA2-243CD122F1C3}.Debug|Any CPU.Build.0 = Debug|Any CPU
		{1749BC2F-8605-4019-9AA2-243CD122F1C3}.Release|Any CPU.ActiveCfg = Release|Any CPU
		{1749BC2F-8605-4019-9AA2-243CD122F1C3}.Release|Any CPU.Build.0 = Release|Any CPU
		{AB77D58B-0415-4300-B8F0-2B4DC8B49456}.Debug|Any CPU.ActiveCfg = Debug|Any CPU
		{AB77D58B-0415-4300-B8F0-2B4DC8B49456}.Debug|Any CPU.Build.0 = Debug|Any CPU
		{AB77D58B-0415-4300-B8F0-2B4DC8B49456}.Release|Any CPU.ActiveCfg = Release|Any CPU
		{AB77D58B-0415-4300-B8F0-2B4DC8B49456}.Release|Any CPU.Build.0 = Release|Any CPU
		{232486A5-A5E8-499C-A3FF-6361DC8F3A92}.Debug|Any CPU.ActiveCfg = Debug|Any CPU
		{232486A5-A5E8-499C-A3FF-6361DC8F3A92}.Debug|Any CPU.Build.0 = Debug|Any CPU
		{232486A5-A5E8-499C-A3FF-6361DC8F3A92}.Release|Any CPU.ActiveCfg = Release|Any CPU
		{232486A5-A5E8-499C-A3FF-6361DC8F3A92}.Release|Any CPU.Build.0 = Release|Any CPU
		{47F037C9-5DC9-4BF6-9463-5A95A4AACE71}.Debug|Any CPU.ActiveCfg = Debug|Any CPU
		{47F037C9-5DC9-4BF6-9463-5A95A4AACE71}.Debug|Any CPU.Build.0 = Debug|Any CPU
		{47F037C9-5DC9-4BF6-9463-5A95A4AACE71}.Release|Any CPU.ActiveCfg = Release|Any CPU
		{47F037C9-5DC9-4BF6-9463-5A95A4AACE71}.Release|Any CPU.Build.0 = Release|Any CPU
		{477A536A-20E7-41E5-978D-A990902D71F9}.Debug|Any CPU.ActiveCfg = Debug|Any CPU
		{477A536A-20E7-41E5-978D-A990902D71F9}.Debug|Any CPU.Build.0 = Debug|Any CPU
		{477A536A-20E7-41E5-978D-A990902D71F9}.Release|Any CPU.ActiveCfg = Release|Any CPU
		{477A536A-20E7-41E5-978D-A990902D71F9}.Release|Any CPU.Build.0 = Release|Any CPU
		{6C3C8B1F-3250-4BD9-9045-583966993ED7}.Debug|Any CPU.ActiveCfg = Debug|Any CPU
		{6C3C8B1F-3250-4BD9-9045-583966993ED7}.Debug|Any CPU.Build.0 = Debug|Any CPU
		{6C3C8B1F-3250-4BD9-9045-583966993ED7}.Release|Any CPU.ActiveCfg = Release|Any CPU
		{6C3C8B1F-3250-4BD9-9045-583966993ED7}.Release|Any CPU.Build.0 = Release|Any CPU
		{E7D5CFCC-D870-4B8E-AB37-592AE77C07F1}.Debug|Any CPU.ActiveCfg = Debug|Any CPU
		{E7D5CFCC-D870-4B8E-AB37-592AE77C07F1}.Debug|Any CPU.Build.0 = Debug|Any CPU
		{E7D5CFCC-D870-4B8E-AB37-592AE77C07F1}.Release|Any CPU.ActiveCfg = Release|Any CPU
		{E7D5CFCC-D870-4B8E-AB37-592AE77C07F1}.Release|Any CPU.Build.0 = Release|Any CPU
	EndGlobalSection
	GlobalSection(SolutionProperties) = preSolution
		HideSolutionNode = FALSE
	EndGlobalSection
	GlobalSection(NestedProjects) = preSolution
		{3BFED11A-8640-492C-B56D-310F03439961} = {7B8D57A6-338A-4343-98EC-54288332C5E4}
		{67A76E25-5F22-47E0-87C0-37B8275C58FF} = {F533111C-50CC-4863-8DA9-73F71F297FA2}
		{0FF54D8C-533B-474A-B9BD-1BE6F022DBD3} = {7B8D57A6-338A-4343-98EC-54288332C5E4}
		{1749BC2F-8605-4019-9AA2-243CD122F1C3} = {F533111C-50CC-4863-8DA9-73F71F297FA2}
		{AB77D58B-0415-4300-B8F0-2B4DC8B49456} = {7621E776-784A-4AB6-83F9-B6B49DD8DDE4}
		{232486A5-A5E8-499C-A3FF-6361DC8F3A92} = {7621E776-784A-4AB6-83F9-B6B49DD8DDE4}
		{47F037C9-5DC9-4BF6-9463-5A95A4AACE71} = {7621E776-784A-4AB6-83F9-B6B49DD8DDE4}
		{477A536A-20E7-41E5-978D-A990902D71F9} = {7621E776-784A-4AB6-83F9-B6B49DD8DDE4}
		{6C3C8B1F-3250-4BD9-9045-583966993ED7} = {7621E776-784A-4AB6-83F9-B6B49DD8DDE4}
		{E7D5CFCC-D870-4B8E-AB37-592AE77C07F1} = {7621E776-784A-4AB6-83F9-B6B49DD8DDE4}
	EndGlobalSection
EndGlobal
